
Microsoft Visual Studio Solution File, Format Version 12.00
# Visual Studio Version 16
VisualStudioVersion = 16.0.32901.82
MinimumVisualStudioVersion = 10.0.40219.1
Project("{FAE04EC0-301F-11D3-BF4B-00C04F79EFBC}") = "DAL", "DAL\DAL.csproj", "{560F8E81-A4F7-432D-8C94-A9ED05352404}"
EndProject
Project("{FAE04EC0-301F-11D3-BF4B-00C04F79EFBC}") = "BLL", "BLL\BLL.csproj", "{B2BC3FDE-3C54-40F8-BBA6-3169FD642A59}"
EndProject
Project("{FAE04EC0-301F-11D3-BF4B-00C04F79EFBC}") = "WinUIMarla", "WinUIMarla\WinUIMarla.csproj", "{843BDE89-531C-4863-8178-E891B8407E45}"
EndProject
Global
	GlobalSection(SolutionConfigurationPlatforms) = preSolution
		Debug|Any CPU = Debug|Any CPU
		Release|Any CPU = Release|Any CPU
	EndGlobalSection
	GlobalSection(ProjectConfigurationPlatforms) = postSolution
		{560F8E81-A4F7-432D-8C94-A9ED05352404}.Debug|Any CPU.ActiveCfg = Debug|Any CPU
		{560F8E81-A4F7-432D-8C94-A9ED05352404}.Debug|Any CPU.Build.0 = Debug|Any CPU
		{560F8E81-A4F7-432D-8C94-A9ED05352404}.Release|Any CPU.ActiveCfg = Release|Any CPU
		{560F8E81-A4F7-432D-8C94-A9ED05352404}.Release|Any CPU.Build.0 = Release|Any CPU
		{B2BC3FDE-3C54-40F8-BBA6-3169FD642A59}.Debug|Any CPU.ActiveCfg = Debug|Any CPU
		{B2BC3FDE-3C54-40F8-BBA6-3169FD642A59}.Debug|Any CPU.Build.0 = Debug|Any CPU
		{B2BC3FDE-3C54-40F8-BBA6-3169FD642A59}.Release|Any CPU.ActiveCfg = Release|Any CPU
		{B2BC3FDE-3C54-40F8-BBA6-3169FD642A59}.Release|Any CPU.Build.0 = Release|Any CPU
		{843BDE89-531C-4863-8178-E891B8407E45}.Debug|Any CPU.ActiveCfg = Debug|Any CPU
		{843BDE89-531C-4863-8178-E891B8407E45}.Debug|Any CPU.Build.0 = Debug|Any CPU
		{843BDE89-531C-4863-8178-E891B8407E45}.Release|Any CPU.ActiveCfg = Release|Any CPU
		{843BDE89-531C-4863-8178-E891B8407E45}.Release|Any CPU.Build.0 = Release|Any CPU
	EndGlobalSection
	GlobalSection(SolutionProperties) = preSolution
		HideSolutionNode = FALSE
	EndGlobalSection
	GlobalSection(ExtensibilityGlobals) = postSolution
		SolutionGuid = {4B3D9B7F-FB23-42FD-BC0B-BAA7793683B0}
	EndGlobalSection
EndGlobal
